
Microsoft Visual Studio Solution File, Format Version 12.00
# Visual Studio Version 17
VisualStudioVersion = 17.3.32929.385
MinimumVisualStudioVersion = 10.0.40219.1
Project("{9A19103F-16F7-4668-BE54-9A1E7A4F7556}") = "RoseLib", "RoseLib\RoseLib.csproj", "{48B048C1-CDA4-4EFD-B2F2-773C99B86904}"
EndProject
Project("{9A19103F-16F7-4668-BE54-9A1E7A4F7556}") = "Tests", "Tests\Tests.csproj", "{B64E8FC3-739C-4123-A2EE-12F234B95DA8}"
EndProject
Global
	GlobalSection(SolutionConfigurationPlatforms) = preSolution
		Debug|Any CPU = Debug|Any CPU
		Release|Any CPU = Release|Any CPU
	EndGlobalSection
	GlobalSection(ProjectConfigurationPlatforms) = postSolution
		{48B048C1-CDA4-4EFD-B2F2-773C99B86904}.Debug|Any CPU.ActiveCfg = Debug|Any CPU
		{48B048C1-CDA4-4EFD-B2F2-773C99B86904}.Debug|Any CPU.Build.0 = Debug|Any CPU
		{48B048C1-CDA4-4EFD-B2F2-773C99B86904}.Release|Any CPU.ActiveCfg = Release|Any CPU
		{48B048C1-CDA4-4EFD-B2F2-773C99B86904}.Release|Any CPU.Build.0 = Release|Any CPU
		{B64E8FC3-739C-4123-A2EE-12F234B95DA8}.Debug|Any CPU.ActiveCfg = Debug|Any CPU
		{B64E8FC3-739C-4123-A2EE-12F234B95DA8}.Debug|Any CPU.Build.0 = Debug|Any CPU
		{B64E8FC3-739C-4123-A2EE-12F234B95DA8}.Release|Any CPU.ActiveCfg = Release|Any CPU
		{B64E8FC3-739C-4123-A2EE-12F234B95DA8}.Release|Any CPU.Build.0 = Release|Any CPU
	EndGlobalSection
	GlobalSection(SolutionProperties) = preSolution
		HideSolutionNode = FALSE
	EndGlobalSection
	GlobalSection(ExtensibilityGlobals) = postSolution
		SolutionGuid = {63F09A95-700F-417E-A876-D29546492062}
	EndGlobalSection
EndGlobal
